
Microsoft Visual Studio Solution File, Format Version 12.00
# Visual Studio Version 17
VisualStudioVersion = 17.0.31710.8
MinimumVisualStudioVersion = 10.0.40219.1
Project("{FAE04EC0-301F-11D3-BF4B-00C04F79EFBC}") = "SecKill", "SecKill\SecKill.csproj", "{2153F7A4-C418-474E-B6D5-0F3E320ADE48}"
EndProject
Global
	GlobalSection(SolutionConfigurationPlatforms) = preSolution
		Debug|Any CPU = Debug|Any CPU
		Release|Any CPU = Release|Any CPU
	EndGlobalSection
	GlobalSection(ProjectConfigurationPlatforms) = postSolution
		{2153F7A4-C418-474E-B6D5-0F3E320ADE48}.Debug|Any CPU.ActiveCfg = Debug|Any CPU
		{2153F7A4-C418-474E-B6D5-0F3E320ADE48}.Debug|Any CPU.Build.0 = Debug|Any CPU
		{2153F7A4-C418-474E-B6D5-0F3E320ADE48}.Release|Any CPU.ActiveCfg = Release|Any CPU
		{2153F7A4-C418-474E-B6D5-0F3E320ADE48}.Release|Any CPU.Build.0 = Release|Any CPU
	EndGlobalSection
	GlobalSection(SolutionProperties) = preSolution
		HideSolutionNode = FALSE
	EndGlobalSection
	GlobalSection(ExtensibilityGlobals) = postSolution
		SolutionGuid = {35C4A0B3-F49B-49E9-BFDD-F5AA2AF34122}
	EndGlobalSection
EndGlobal
